
Microsoft Visual Studio Solution File, Format Version 12.00
# Visual Studio 15
VisualStudioVersion = 15.0.26730.12
MinimumVisualStudioVersion = 10.0.40219.1
Project("{FAE04EC0-301F-11D3-BF4B-00C04F79EFBC}") = "WpfApp10", "WpfApp10\WpfApp10.csproj", "{CA98D611-CC45-49D7-97A0-12E812D223D9}"
EndProject
Global
	GlobalSection(SolutionConfigurationPlatforms) = preSolution
		Debug|Any CPU = Debug|Any CPU
		Release|Any CPU = Release|Any CPU
	EndGlobalSection
	GlobalSection(ProjectConfigurationPlatforms) = postSolution
		{CA98D611-CC45-49D7-97A0-12E812D223D9}.Debug|Any CPU.ActiveCfg = Debug|Any CPU
		{CA98D611-CC45-49D7-97A0-12E812D223D9}.Debug|Any CPU.Build.0 = Debug|Any CPU
		{CA98D611-CC45-49D7-97A0-12E812D223D9}.Release|Any CPU.ActiveCfg = Release|Any CPU
		{CA98D611-CC45-49D7-97A0-12E812D223D9}.Release|Any CPU.Build.0 = Release|Any CPU
	EndGlobalSection
	GlobalSection(SolutionProperties) = preSolution
		HideSolutionNode = FALSE
	EndGlobalSection
	GlobalSection(ExtensibilityGlobals) = postSolution
		SolutionGuid = {CB192293-FD12-45B1-B44A-360918B82F7C}
	EndGlobalSection
EndGlobal
